
Microsoft Visual Studio Solution File, Format Version 12.00
# Visual Studio 2013
VisualStudioVersion = 12.0.40629.0
MinimumVisualStudioVersion = 10.0.40219.1
Project("{FAE04EC0-301F-11D3-BF4B-00C04F79EFBC}") = "NETDBHelper_Oracle", "NETDBHelper\NETDBHelper_Oracle.csproj", "{2F8F92EA-19E2-48DD-8403-FF7E05A54D1B}"
EndProject
Project("{FAE04EC0-301F-11D3-BF4B-00C04F79EFBC}") = "Biz", "Biz\Biz.csproj", "{80E2E780-E046-40FB-AC95-42A11EE49AE3}"
EndProject
Project("{FAE04EC0-301F-11D3-BF4B-00C04F79EFBC}") = "Entity", "Entity\Entity.csproj", "{F1D389C9-C0A7-48DE-A163-6B2A969859BD}"
EndProject
Project("{FAE04EC0-301F-11D3-BF4B-00C04F79EFBC}") = "TestProject1", "TestProject1\TestProject1.csproj", "{1C39DE20-E7A6-46F6-9271-FC241CD804B5}"
EndProject
Project("{2150E333-8FDC-42A3-9474-1A3956D46DE8}") = "Solution Items", "Solution Items", "{7396D3BB-5AC0-4FFB-9F9D-33FB87DEF72C}"
	ProjectSection(SolutionItems) = preProject
		Local.testsettings = Local.testsettings
		NETDBHelper.vsmdi = NETDBHelper.vsmdi
		TraceAndTestImpact.testsettings = TraceAndTestImpact.testsettings
	EndProjectSection
EndProject
Global
	GlobalSection(SolutionConfigurationPlatforms) = preSolution
		Debug|Any CPU = Debug|Any CPU
		Debug|Mixed Platforms = Debug|Mixed Platforms
		Debug|x86 = Debug|x86
		Release|Any CPU = Release|Any CPU
		Release|Mixed Platforms = Release|Mixed Platforms
		Release|x86 = Release|x86
	EndGlobalSection
	GlobalSection(ProjectConfigurationPlatforms) = postSolution
		{2F8F92EA-19E2-48DD-8403-FF7E05A54D1B}.Debug|Any CPU.ActiveCfg = Debug|x86
		{2F8F92EA-19E2-48DD-8403-FF7E05A54D1B}.Debug|Mixed Platforms.ActiveCfg = Debug|x86
		{2F8F92EA-19E2-48DD-8403-FF7E05A54D1B}.Debug|Mixed Platforms.Build.0 = Debug|x86
		{2F8F92EA-19E2-48DD-8403-FF7E05A54D1B}.Debug|x86.ActiveCfg = Debug|x86
		{2F8F92EA-19E2-48DD-8403-FF7E05A54D1B}.Debug|x86.Build.0 = Debug|x86
		{2F8F92EA-19E2-48DD-8403-FF7E05A54D1B}.Release|Any CPU.ActiveCfg = Release|x86
		{2F8F92EA-19E2-48DD-8403-FF7E05A54D1B}.Release|Mixed Platforms.ActiveCfg = Release|x86
		{2F8F92EA-19E2-48DD-8403-FF7E05A54D1B}.Release|Mixed Platforms.Build.0 = Release|x86
		{2F8F92EA-19E2-48DD-8403-FF7E05A54D1B}.Release|x86.ActiveCfg = Release|x86
		{2F8F92EA-19E2-48DD-8403-FF7E05A54D1B}.Release|x86.Build.0 = Release|x86
		{80E2E780-E046-40FB-AC95-42A11EE49AE3}.Debug|Any CPU.ActiveCfg = Debug|Any CPU
		{80E2E780-E046-40FB-AC95-42A11EE49AE3}.Debug|Any CPU.Build.0 = Debug|Any CPU
		{80E2E780-E046-40FB-AC95-42A11EE49AE3}.Debug|Mixed Platforms.ActiveCfg = Debug|Any CPU
		{80E2E780-E046-40FB-AC95-42A11EE49AE3}.Debug|Mixed Platforms.Build.0 = Debug|Any CPU
		{80E2E780-E046-40FB-AC95-42A11EE49AE3}.Debug|x86.ActiveCfg = Debug|Any CPU
		{80E2E780-E046-40FB-AC95-42A11EE49AE3}.Release|Any CPU.ActiveCfg = Release|Any CPU
		{80E2E780-E046-40FB-AC95-42A11EE49AE3}.Release|Any CPU.Build.0 = Release|Any CPU
		{80E2E780-E046-40FB-AC95-42A11EE49AE3}.Release|Mixed Platforms.ActiveCfg = Release|Any CPU
		{80E2E780-E046-40FB-AC95-42A11EE49AE3}.Release|Mixed Platforms.Build.0 = Release|Any CPU
		{80E2E780-E046-40FB-AC95-42A11EE49AE3}.Release|x86.ActiveCfg = Release|Any CPU
		{F1D389C9-C0A7-48DE-A163-6B2A969859BD}.Debug|Any CPU.ActiveCfg = Debug|Any CPU
		{F1D389C9-C0A7-48DE-A163-6B2A969859BD}.Debug|Any CPU.Build.0 = Debug|Any CPU
		{F1D389C9-C0A7-48DE-A163-6B2A969859BD}.Debug|Mixed Platforms.ActiveCfg = Debug|Any CPU
		{F1D389C9-C0A7-48DE-A163-6B2A969859BD}.Debug|Mixed Platforms.Build.0 = Debug|Any CPU
		{F1D389C9-C0A7-48DE-A163-6B2A969859BD}.Debug|x86.ActiveCfg = Debug|Any CPU
		{F1D389C9-C0A7-48DE-A163-6B2A969859BD}.Release|Any CPU.ActiveCfg = Release|Any CPU
		{F1D389C9-C0A7-48DE-A163-6B2A969859BD}.Release|Any CPU.Build.0 = Release|Any CPU
		{F1D389C9-C0A7-48DE-A163-6B2A969859BD}.Release|Mixed Platforms.ActiveCfg = Release|Any CPU
		{F1D389C9-C0A7-48DE-A163-6B2A969859BD}.Release|Mixed Platforms.Build.0 = Release|Any CPU
		{F1D389C9-C0A7-48DE-A163-6B2A969859BD}.Release|x86.ActiveCfg = Release|Any CPU
		{1C39DE20-E7A6-46F6-9271-FC241CD804B5}.Debug|Any CPU.ActiveCfg = Debug|Any CPU
		{1C39DE20-E7A6-46F6-9271-FC241CD804B5}.Debug|Any CPU.Build.0 = Debug|Any CPU
		{1C39DE20-E7A6-46F6-9271-FC241CD804B5}.Debug|Mixed Platforms.ActiveCfg = Debug|Any CPU
		{1C39DE20-E7A6-46F6-9271-FC241CD804B5}.Debug|Mixed Platforms.Build.0 = Debug|Any CPU
		{1C39DE20-E7A6-46F6-9271-FC241CD804B5}.Debug|x86.ActiveCfg = Debug|Any CPU
		{1C39DE20-E7A6-46F6-9271-FC241CD804B5}.Release|Any CPU.ActiveCfg = Release|Any CPU
		{1C39DE20-E7A6-46F6-9271-FC241CD804B5}.Release|Any CPU.Build.0 = Release|Any CPU
		{1C39DE20-E7A6-46F6-9271-FC241CD804B5}.Release|Mixed Platforms.ActiveCfg = Release|Any CPU
		{1C39DE20-E7A6-46F6-9271-FC241CD804B5}.Release|Mixed Platforms.Build.0 = Release|Any CPU
		{1C39DE20-E7A6-46F6-9271-FC241CD804B5}.Release|x86.ActiveCfg = Release|Any CPU
	EndGlobalSection
	GlobalSection(SolutionProperties) = preSolution
		HideSolutionNode = FALSE
	EndGlobalSection
	GlobalSection(TestCaseManagementSettings) = postSolution
		CategoryFile = NETDBHelper.vsmdi
	EndGlobalSection
EndGlobal
